// !$*UTF8*$!
{
	archiveVersion = 1;
	classes = {
	};
	objectVersion = 50;
	objects = {

/* Begin PBXBuildFile section */
		1F8780E023F6739000567947 /* AppDelegate.swift in Sources */ = {isa = PBXBuildFile; fileRef = 1F8780DF23F6739000567947 /* AppDelegate.swift */; };
		1F8780E223F6739000567947 /* SceneDelegate.swift in Sources */ = {isa = PBXBuildFile; fileRef = 1F8780E123F6739000567947 /* SceneDelegate.swift */; };
		1F8780E723F6739000567947 /* Main.storyboard in Resources */ = {isa = PBXBuildFile; fileRef = 1F8780E523F6739000567947 /* Main.storyboard */; };
		1F8780E923F6739700567947 /* Assets.xcassets in Resources */ = {isa = PBXBuildFile; fileRef = 1F8780E823F6739700567947 /* Assets.xcassets */; };
		1F8780EC23F6739700567947 /* LaunchScreen.storyboard in Resources */ = {isa = PBXBuildFile; fileRef = 1F8780EA23F6739700567947 /* LaunchScreen.storyboard */; };
		1F8780F823F676AD00567947 /* HeadLinesViewController.swift in Sources */ = {isa = PBXBuildFile; fileRef = 1F8780F723F676AD00567947 /* HeadLinesViewController.swift */; };
		1F8780FA23F676C800567947 /* IndiaNewsViewController.swift in Sources */ = {isa = PBXBuildFile; fileRef = 1F8780F923F676C800567947 /* IndiaNewsViewController.swift */; };
		1F8780FD23F67B5200567947 /* AboutHeadlinesViewController.swift in Sources */ = {isa = PBXBuildFile; fileRef = 1F8780FC23F67B5200567947 /* AboutHeadlinesViewController.swift */; };
		1F87810023F67B7500567947 /* AboutIndiaNewsViewController.swift in Sources */ = {isa = PBXBuildFile; fileRef = 1F8780FF23F67B7500567947 /* AboutIndiaNewsViewController.swift */; };
		1F87810223F685D800567947 /* ApiManager.swift in Sources */ = {isa = PBXBuildFile; fileRef = 1F87810123F685D800567947 /* ApiManager.swift */; };
		1F87810523F689E500567947 /* NewsModel.swift in Sources */ = {isa = PBXBuildFile; fileRef = 1F87810423F689E500567947 /* NewsModel.swift */; };
		75C604E024000E6900626AA2 /* NewsTableViewCell.swift in Sources */ = {isa = PBXBuildFile; fileRef = 75C604DE24000E6900626AA2 /* NewsTableViewCell.swift */; };
		75C604E124000E6900626AA2 /* NewsTableViewCell.xib in Resources */ = {isa = PBXBuildFile; fileRef = 75C604DF24000E6900626AA2 /* NewsTableViewCell.xib */; };
/* End PBXBuildFile section */

/* Begin PBXFileReference section */
		1F8780DC23F6739000567947 /* NewsFeed.app */ = {isa = PBXFileReference; explicitFileType = wrapper.application; includeInIndex = 0; path = NewsFeed.app; sourceTree = BUILT_PRODUCTS_DIR; };
		1F8780DF23F6739000567947 /* AppDelegate.swift */ = {isa = PBXFileReference; lastKnownFileType = sourcecode.swift; path = AppDelegate.swift; sourceTree = "<group>"; };
		1F8780E123F6739000567947 /* SceneDelegate.swift */ = {isa = PBXFileReference; lastKnownFileType = sourcecode.swift; path = SceneDelegate.swift; sourceTree = "<group>"; };
		1F8780E623F6739000567947 /* Base */ = {isa = PBXFileReference; lastKnownFileType = file.storyboard; name = Base; path = Base.lproj/Main.storyboard; sourceTree = "<group>"; };
		1F8780E823F6739700567947 /* Assets.xcassets */ = {isa = PBXFileReference; lastKnownFileType = folder.assetcatalog; path = Assets.xcassets; sourceTree = "<group>"; };
		1F8780EB23F6739700567947 /* Base */ = {isa = PBXFileReference; lastKnownFileType = file.storyboard; name = Base; path = Base.lproj/LaunchScreen.storyboard; sourceTree = "<group>"; };
		1F8780ED23F6739700567947 /* Info.plist */ = {isa = PBXFileReference; lastKnownFileType = text.plist.xml; path = Info.plist; sourceTree = "<group>"; };
		1F8780F723F676AD00567947 /* HeadLinesViewController.swift */ = {isa = PBXFileReference; lastKnownFileType = sourcecode.swift; path = HeadLinesViewController.swift; sourceTree = "<group>"; };
		1F8780F923F676C800567947 /* IndiaNewsViewController.swift */ = {isa = PBXFileReference; lastKnownFileType = sourcecode.swift; path = IndiaNewsViewController.swift; sourceTree = "<group>"; };
		1F8780FC23F67B5200567947 /* AboutHeadlinesViewController.swift */ = {isa = PBXFileReference; lastKnownFileType = sourcecode.swift; path = AboutHeadlinesViewController.swift; sourceTree = "<group>"; };
		1F8780FF23F67B7500567947 /* AboutIndiaNewsViewController.swift */ = {isa = PBXFileReference; lastKnownFileType = sourcecode.swift; path = AboutIndiaNewsViewController.swift; sourceTree = "<group>"; };
		1F87810123F685D800567947 /* ApiManager.swift */ = {isa = PBXFileReference; lastKnownFileType = sourcecode.swift; path = ApiManager.swift; sourceTree = "<group>"; };
		1F87810423F689E500567947 /* NewsModel.swift */ = {isa = PBXFileReference; lastKnownFileType = sourcecode.swift; path = NewsModel.swift; sourceTree = "<group>"; };
		75C604DE24000E6900626AA2 /* NewsTableViewCell.swift */ = {isa = PBXFileReference; lastKnownFileType = sourcecode.swift; name = NewsTableViewCell.swift; path = NewsFeed/Controllers/Headlines/NewsTableViewCell.swift; sourceTree = SOURCE_ROOT; };
		75C604DF24000E6900626AA2 /* NewsTableViewCell.xib */ = {isa = PBXFileReference; lastKnownFileType = file.xib; name = NewsTableViewCell.xib; path = NewsFeed/Controllers/Headlines/NewsTableViewCell.xib; sourceTree = SOURCE_ROOT; };
/* End PBXFileReference section */

/* Begin PBXFrameworksBuildPhase section */
		1F8780D923F6739000567947 /* Frameworks */ = {
			isa = PBXFrameworksBuildPhase;
			buildActionMask = 2147483647;
			files = (
			);
			runOnlyForDeploymentPostprocessing = 0;
		};
/* End PBXFrameworksBuildPhase section */

/* Begin PBXGroup section */
		1F8780D323F6739000567947 = {
			isa = PBXGroup;
			children = (
				1F8780DE23F6739000567947 /* NewsFeed */,
				1F8780DD23F6739000567947 /* Products */,
			);
			sourceTree = "<group>";
		};
		1F8780DD23F6739000567947 /* Products */ = {
			isa = PBXGroup;
			children = (
				1F8780DC23F6739000567947 /* NewsFeed.app */,
			);
			name = Products;
			sourceTree = "<group>";
		};
		1F8780DE23F6739000567947 /* NewsFeed */ = {
			isa = PBXGroup;
			children = (
				1F8780DF23F6739000567947 /* AppDelegate.swift */,
				1F8780E123F6739000567947 /* SceneDelegate.swift */,
				1F87810623F689EC00567947 /* Model */,
				1F87810323F685E000567947 /* API */,
				1F8780F623F6765900567947 /* Controllers */,
				1F8780F323F675F000567947 /* Views */,
				1F8780E823F6739700567947 /* Assets.xcassets */,
				1F8780EA23F6739700567947 /* LaunchScreen.storyboard */,
				1F8780ED23F6739700567947 /* Info.plist */,
			);
			path = NewsFeed;
			sourceTree = "<group>";
		};
		1F8780F323F675F000567947 /* Views */ = {
			isa = PBXGroup;
			children = (
				75C604DE24000E6900626AA2 /* NewsTableViewCell.swift */,
				75C604DF24000E6900626AA2 /* NewsTableViewCell.xib */,
				1F8780E523F6739000567947 /* Main.storyboard */,
			);
			path = Views;
			sourceTree = "<group>";
		};
		1F8780F623F6765900567947 /* Controllers */ = {
			isa = PBXGroup;
			children = (
				1F8780FB23F67B1A00567947 /* Headlines */,
				1F8780FE23F67B5A00567947 /* IndiaNews */,
			);
			path = Controllers;
			sourceTree = "<group>";
		};
		1F8780FB23F67B1A00567947 /* Headlines */ = {
			isa = PBXGroup;
			children = (
				1F8780F723F676AD00567947 /* HeadLinesViewController.swift */,
				1F8780FC23F67B5200567947 /* AboutHeadlinesViewController.swift */,
			);
			path = Headlines;
			sourceTree = "<group>";
		};
		1F8780FE23F67B5A00567947 /* IndiaNews */ = {
			isa = PBXGroup;
			children = (
				1F8780F923F676C800567947 /* IndiaNewsViewController.swift */,
				1F8780FF23F67B7500567947 /* AboutIndiaNewsViewController.swift */,
			);
			path = IndiaNews;
			sourceTree = "<group>";
		};
		1F87810323F685E000567947 /* API */ = {
			isa = PBXGroup;
			children = (
				1F87810123F685D800567947 /* ApiManager.swift */,
			);
			path = API;
			sourceTree = "<group>";
		};
		1F87810623F689EC00567947 /* Model */ = {
			isa = PBXGroup;
			children = (
				1F87810423F689E500567947 /* NewsModel.swift */,
			);
			path = Model;
			sourceTree = "<group>";
		};
/* End PBXGroup section */

/* Begin PBXNativeTarget section */
		1F8780DB23F6739000567947 /* NewsFeed */ = {
			isa = PBXNativeTarget;
			buildConfigurationList = 1F8780F023F6739700567947 /* Build configuration list for PBXNativeTarget "NewsFeed" */;
			buildPhases = (
				1F8780D823F6739000567947 /* Sources */,
				1F8780D923F6739000567947 /* Frameworks */,
				1F8780DA23F6739000567947 /* Resources */,
			);
			buildRules = (
			);
			dependencies = (
			);
			name = NewsFeed;
			productName = NewsFeed;
			productReference = 1F8780DC23F6739000567947 /* NewsFeed.app */;
			productType = "com.apple.product-type.application";
		};
/* End PBXNativeTarget section */

/* Begin PBXProject section */
		1F8780D423F6739000567947 /* Project object */ = {
			isa = PBXProject;
			attributes = {
				LastSwiftUpdateCheck = 1130;
				LastUpgradeCheck = 1130;
				ORGANIZATIONNAME = "Ashish Kumar";
				TargetAttributes = {
					1F8780DB23F6739000567947 = {
						CreatedOnToolsVersion = 11.3.1;
					};
				};
			};
			buildConfigurationList = 1F8780D723F6739000567947 /* Build configuration list for PBXProject "NewsFeed" */;
			compatibilityVersion = "Xcode 9.3";
			developmentRegion = en;
			hasScannedForEncodings = 0;
			knownRegions = (
				en,
				Base,
			);
			mainGroup = 1F8780D323F6739000567947;
			productRefGroup = 1F8780DD23F6739000567947 /* Products */;
			projectDirPath = "";
			projectRoot = "";
			targets = (
				1F8780DB23F6739000567947 /* NewsFeed */,
			);
		};
/* End PBXProject section */

/* Begin PBXResourcesBuildPhase section */
		1F8780DA23F6739000567947 /* Resources */ = {
			isa = PBXResourcesBuildPhase;
			buildActionMask = 2147483647;
			files = (
				1F8780EC23F6739700567947 /* LaunchScreen.storyboard in Resources */,
				1F8780E923F6739700567947 /* Assets.xcassets in Resources */,
				75C604E124000E6900626AA2 /* NewsTableViewCell.xib in Resources */,
				1F8780E723F6739000567947 /* Main.storyboard in Resources */,
			);
			runOnlyForDeploymentPostprocessing = 0;
		};
/* End PBXResourcesBuildPhase section */

/* Begin PBXSourcesBuildPhase section */
		1F8780D823F6739000567947 /* Sources */ = {
			isa = PBXSourcesBuildPhase;
			buildActionMask = 2147483647;
			files = (
				1F87810523F689E500567947 /* NewsModel.swift in Sources */,
				1F8780F823F676AD00567947 /* HeadLinesViewController.swift in Sources */,
				1F8780E023F6739000567947 /* AppDelegate.swift in Sources */,
				1F8780FD23F67B5200567947 /* AboutHeadlinesViewController.swift in Sources */,
				1F87810223F685D800567947 /* ApiManager.swift in Sources */,
				1F87810023F67B7500567947 /* AboutIndiaNewsViewController.swift in Sources */,
				1F8780E223F6739000567947 /* SceneDelegate.swift in Sources */,
				1F8780FA23F676C800567947 /* IndiaNewsViewController.swift in Sources */,
				75C604E024000E6900626AA2 /* NewsTableViewCell.swift in Sources */,
			);
			runOnlyForDeploymentPostprocessing = 0;
		};
/* End PBXSourcesBuildPhase section */

/* Begin PBXVariantGroup section */
		1F8780E523F6739000567947 /* Main.storyboard */ = {
			isa = PBXVariantGroup;
			children = (
				1F8780E623F6739000567947 /* Base */,
			);
			name = Main.storyboard;
			sourceTree = "<group>";
		};
		1F8780EA23F6739700567947 /* LaunchScreen.storyboard */ = {
			isa = PBXVariantGroup;
			children = (
				1F8780EB23F6739700567947 /* Base */,
			);
			name = LaunchScreen.storyboard;
			sourceTree = "<group>";
		};
/* End PBXVariantGroup section */

/* Begin XCBuildConfiguration section */
		1F8780EE23F6739700567947 /* Debug */ = {
			isa = XCBuildConfiguration;
			buildSettings = {
				ALWAYS_SEARCH_USER_PATHS = NO;
				CLANG_ANALYZER_NONNULL = YES;
				CLANG_ANALYZER_NUMBER_OBJECT_CONVERSION = YES_AGGRESSIVE;
				CLANG_CXX_LANGUAGE_STANDARD = "gnu++14";
				CLANG_CXX_LIBRARY = "libc++";
				CLANG_ENABLE_MODULES = YES;
				CLANG_ENABLE_OBJC_ARC = YES;
				CLANG_ENABLE_OBJC_WEAK = YES;
				CLANG_WARN_BLOCK_CAPTURE_AUTORELEASING = YES;
				CLANG_WARN_BOOL_CONVERSION = YES;
				CLANG_WARN_COMMA = YES;
				CLANG_WARN_CONSTANT_CONVERSION = YES;
				CLANG_WARN_DEPRECATED_OBJC_IMPLEMENTATIONS = YES;
				CLANG_WARN_DIRECT_OBJC_ISA_USAGE = YES_ERROR;
				CLANG_WARN_DOCUMENTATION_COMMENTS = YES;
				CLANG_WARN_EMPTY_BODY = YES;
				CLANG_WARN_ENUM_CONVERSION = YES;
				CLANG_WARN_INFINITE_RECURSION = YES;
				CLANG_WARN_INT_CONVERSION = YES;
				CLANG_WARN_NON_LITERAL_NULL_CONVERSION = YES;
				CLANG_WARN_OBJC_IMPLICIT_RETAIN_SELF = YES;
				CLANG_WARN_OBJC_LITERAL_CONVERSION = YES;
				CLANG_WARN_OBJC_ROOT_CLASS = YES_ERROR;
				CLANG_WARN_RANGE_LOOP_ANALYSIS = YES;
				CLANG_WARN_STRICT_PROTOTYPES = YES;
				CLANG_WARN_SUSPICIOUS_MOVE = YES;
				CLANG_WARN_UNGUARDED_AVAILABILITY = YES_AGGRESSIVE;
				CLANG_WARN_UNREACHABLE_CODE = YES;
				CLANG_WARN__DUPLICATE_METHOD_MATCH = YES;
				COPY_PHASE_STRIP = NO;
				DEBUG_INFORMATION_FORMAT = dwarf;
				ENABLE_STRICT_OBJC_MSGSEND = YES;
				ENABLE_TESTABILITY = YES;
				GCC_C_LANGUAGE_STANDARD = gnu11;
				GCC_DYNAMIC_NO_PIC = NO;
				GCC_NO_COMMON_BLOCKS = YES;
				GCC_OPTIMIZATION_LEVEL = 0;
				GCC_PREPROCESSOR_DEFINITIONS = (
					"DEBUG=1",
					"$(inherited)",
				);
				GCC_WARN_64_TO_32_BIT_CONVERSION = YES;
				GCC_WARN_ABOUT_RETURN_TYPE = YES_ERROR;
				GCC_WARN_UNDECLARED_SELECTOR = YES;
				GCC_WARN_UNINITIALIZED_AUTOS = YES_AGGRESSIVE;
				GCC_WARN_UNUSED_FUNCTION = YES;
				GCC_WARN_UNUSED_VARIABLE = YES;
				IPHONEOS_DEPLOYMENT_TARGET = 13.2;
				MTL_ENABLE_DEBUG_INFO = INCLUDE_SOURCE;
				MTL_FAST_MATH = YES;
				ONLY_ACTIVE_ARCH = YES;
				SDKROOT = iphoneos;
				SWIFT_ACTIVE_COMPILATION_CONDITIONS = DEBUG;
				SWIFT_OPTIMIZATION_LEVEL = "-Onone";
			};
			name = Debug;
		};
		1F8780EF23F6739700567947 /* Release */ = {
			isa = XCBuildConfiguration;
			buildSettings = {
				ALWAYS_SEARCH_USER_PATHS = NO;
				CLANG_ANALYZER_NONNULL = YES;
				CLANG_ANALYZER_NUMBER_OBJECT_CONVERSION = YES_AGGRESSIVE;
				CLANG_CXX_LANGUAGE_STANDARD = "gnu++14";
				CLANG_CXX_LIBRARY = "libc++";
				CLANG_ENABLE_MODULES = YES;
				CLANG_ENABLE_OBJC_ARC = YES;
				CLANG_ENABLE_OBJC_WEAK = YES;
				CLANG_WARN_BLOCK_CAPTURE_AUTORELEASING = YES;
				CLANG_WARN_BOOL_CONVERSION = YES;
				CLANG_WARN_COMMA = YES;
				CLANG_WARN_CONSTANT_CONVERSION = YES;
				CLANG_WARN_DEPRECATED_OBJC_IMPLEMENTATIONS = YES;
				CLANG_WARN_DIRECT_OBJC_ISA_USAGE = YES_ERROR;
				CLANG_WARN_DOCUMENTATION_COMMENTS = YES;
				CLANG_WARN_EMPTY_BODY = YES;
				CLANG_WARN_ENUM_CONVERSION = YES;
				CLANG_WARN_INFINITE_RECURSION = YES;
				CLANG_WARN_INT_CONVERSION = YES;
				CLANG_WARN_NON_LITERAL_NULL_CONVERSION = YES;
				CLANG_WARN_OBJC_IMPLICIT_RETAIN_SELF = YES;
				CLANG_WARN_OBJC_LITERAL_CONVERSION = YES;
				CLANG_WARN_OBJC_ROOT_CLASS = YES_ERROR;
				CLANG_WARN_RANGE_LOOP_ANALYSIS = YES;
				CLANG_WARN_STRICT_PROTOTYPES = YES;
				CLANG_WARN_SUSPICIOUS_MOVE = YES;
				CLANG_WARN_UNGUARDED_AVAILABILITY = YES_AGGRESSIVE;
				CLANG_WARN_UNREACHABLE_CODE = YES;
				CLANG_WARN__DUPLICATE_METHOD_MATCH = YES;
				COPY_PHASE_STRIP = NO;
				DEBUG_INFORMATION_FORMAT = "dwarf-with-dsym";
				ENABLE_NS_ASSERTIONS = NO;
				ENABLE_STRICT_OBJC_MSGSEND = YES;
				GCC_C_LANGUAGE_STANDARD = gnu11;
				GCC_NO_COMMON_BLOCKS = YES;
				GCC_WARN_64_TO_32_BIT_CONVERSION = YES;
				GCC_WARN_ABOUT_RETURN_TYPE = YES_ERROR;
				GCC_WARN_UNDECLARED_SELECTOR = YES;
				GCC_WARN_UNINITIALIZED_AUTOS = YES_AGGRESSIVE;
				GCC_WARN_UNUSED_FUNCTION = YES;
				GCC_WARN_UNUSED_VARIABLE = YES;
				IPHONEOS_DEPLOYMENT_TARGET = 13.2;
				MTL_ENABLE_DEBUG_INFO = NO;
				MTL_FAST_MATH = YES;
				SDKROOT = iphoneos;
				SWIFT_COMPILATION_MODE = wholemodule;
				SWIFT_OPTIMIZATION_LEVEL = "-O";
				VALIDATE_PRODUCT = YES;
			};
			name = Release;
		};
		1F8780F123F6739700567947 /* Debug */ = {
			isa = XCBuildConfiguration;
			buildSettings = {
				ASSETCATALOG_COMPILER_APPICON_NAME = AppIcon;
				CODE_SIGN_STYLE = Automatic;
				DEVELOPMENT_TEAM = 9ZFQ2Z9549;
				INFOPLIST_FILE = NewsFeed/Info.plist;
				LD_RUNPATH_SEARCH_PATHS = (
					"$(inherited)",
					"@executable_path/Frameworks",
				);
				PRODUCT_BUNDLE_IDENTIFIER = com.AshishK1312.NewsFeed;
				PRODUCT_NAME = "$(TARGET_NAME)";
				SWIFT_VERSION = 5.0;
				TARGETED_DEVICE_FAMILY = "1,2";
			};
			name = Debug;
		};
		1F8780F223F6739700567947 /* Release */ = {
			isa = XCBuildConfiguration;
			buildSettings = {
				ASSETCATALOG_COMPILER_APPICON_NAME = AppIcon;
				CODE_SIGN_STYLE = Automatic;
				DEVELOPMENT_TEAM = 9ZFQ2Z9549;
				INFOPLIST_FILE = NewsFeed/Info.plist;
				LD_RUNPATH_SEARCH_PATHS = (
					"$(inherited)",
					"@executable_path/Frameworks",
				);
				PRODUCT_BUNDLE_IDENTIFIER = com.AshishK1312.NewsFeed;
				PRODUCT_NAME = "$(TARGET_NAME)";
				SWIFT_VERSION = 5.0;
				TARGETED_DEVICE_FAMILY = "1,2";
			};
			name = Release;
		};
/* End XCBuildConfiguration section */

/* Begin XCConfigurationList section */
		1F8780D723F6739000567947 /* Build configuration list for PBXProject "NewsFeed" */ = {
			isa = XCConfigurationList;
			buildConfigurations = (
				1F8780EE23F6739700567947 /* Debug */,
				1F8780EF23F6739700567947 /* Release */,
			);
			defaultConfigurationIsVisible = 0;
			defaultConfigurationName = Release;
		};
		1F8780F023F6739700567947 /* Build configuration list for PBXNativeTarget "NewsFeed" */ = {
			isa = XCConfigurationList;
			buildConfigurations = (
				1F8780F123F6739700567947 /* Debug */,
				1F8780F223F6739700567947 /* Release */,
			);
			defaultConfigurationIsVisible = 0;
			defaultConfigurationName = Release;
		};
/* End XCConfigurationList section */
	};
	rootObject = 1F8780D423F6739000567947 /* Project object */;
}
